
Microsoft Visual Studio Solution File, Format Version 12.00
# Visual Studio Version 16
VisualStudioVersion = 16.0.29905.134
MinimumVisualStudioVersion = 10.0.40219.1
Project("{FAE04EC0-301F-11D3-BF4B-00C04F79EFBC}") = "DialogTest.Android", "DialogTest\DialogTest.Android\DialogTest.Android.csproj", "{32B62530-22DC-4B02-8EE3-C892B7BB8626}"
EndProject
Project("{9A19103F-16F7-4668-BE54-9A1E7A4F7556}") = "DialogTest", "DialogTest\DialogTest\DialogTest.csproj", "{640BCE3D-7FB2-49C6-A8CE-A1E388FA0B0B}"
EndProject
Project("{FAE04EC0-301F-11D3-BF4B-00C04F79EFBC}") = "Plugin.PopUpDialog", "Plugin.PopUpDialog\Plugin.PopUpDialog.csproj", "{2F082E92-BB15-46DD-B70E-AC6756586624}"
EndProject
Global
	GlobalSection(SolutionConfigurationPlatforms) = preSolution
		Debug|Any CPU = Debug|Any CPU
		Debug|iPhone = Debug|iPhone
		Debug|iPhoneSimulator = Debug|iPhoneSimulator
		Release|Any CPU = Release|Any CPU
		Release|iPhone = Release|iPhone
		Release|iPhoneSimulator = Release|iPhoneSimulator
	EndGlobalSection
	GlobalSection(ProjectConfigurationPlatforms) = postSolution
		{32B62530-22DC-4B02-8EE3-C892B7BB8626}.Debug|Any CPU.ActiveCfg = Debug|Any CPU
		{32B62530-22DC-4B02-8EE3-C892B7BB8626}.Debug|Any CPU.Build.0 = Debug|Any CPU
		{32B62530-22DC-4B02-8EE3-C892B7BB8626}.Debug|Any CPU.Deploy.0 = Debug|Any CPU
		{32B62530-22DC-4B02-8EE3-C892B7BB8626}.Debug|iPhone.ActiveCfg = Debug|Any CPU
		{32B62530-22DC-4B02-8EE3-C892B7BB8626}.Debug|iPhone.Build.0 = Debug|Any CPU
		{32B62530-22DC-4B02-8EE3-C892B7BB8626}.Debug|iPhone.Deploy.0 = Debug|Any CPU
		{32B62530-22DC-4B02-8EE3-C892B7BB8626}.Debug|iPhoneSimulator.ActiveCfg = Debug|Any CPU
		{32B62530-22DC-4B02-8EE3-C892B7BB8626}.Debug|iPhoneSimulator.Build.0 = Debug|Any CPU
		{32B62530-22DC-4B02-8EE3-C892B7BB8626}.Debug|iPhoneSimulator.Deploy.0 = Debug|Any CPU
		{32B62530-22DC-4B02-8EE3-C892B7BB8626}.Release|Any CPU.ActiveCfg = Release|Any CPU
		{32B62530-22DC-4B02-8EE3-C892B7BB8626}.Release|Any CPU.Build.0 = Release|Any CPU
		{32B62530-22DC-4B02-8EE3-C892B7BB8626}.Release|Any CPU.Deploy.0 = Release|Any CPU
		{32B62530-22DC-4B02-8EE3-C892B7BB8626}.Release|iPhone.ActiveCfg = Release|Any CPU
		{32B62530-22DC-4B02-8EE3-C892B7BB8626}.Release|iPhone.Build.0 = Release|Any CPU
		{32B62530-22DC-4B02-8EE3-C892B7BB8626}.Release|iPhone.Deploy.0 = Release|Any CPU
		{32B62530-22DC-4B02-8EE3-C892B7BB8626}.Release|iPhoneSimulator.ActiveCfg = Release|Any CPU
		{32B62530-22DC-4B02-8EE3-C892B7BB8626}.Release|iPhoneSimulator.Build.0 = Release|Any CPU
		{32B62530-22DC-4B02-8EE3-C892B7BB8626}.Release|iPhoneSimulator.Deploy.0 = Release|Any CPU
		{640BCE3D-7FB2-49C6-A8CE-A1E388FA0B0B}.Debug|Any CPU.ActiveCfg = Debug|Any CPU
		{640BCE3D-7FB2-49C6-A8CE-A1E388FA0B0B}.Debug|Any CPU.Build.0 = Debug|Any CPU
		{640BCE3D-7FB2-49C6-A8CE-A1E388FA0B0B}.Debug|Any CPU.Deploy.0 = Debug|Any CPU
		{640BCE3D-7FB2-49C6-A8CE-A1E388FA0B0B}.Debug|iPhone.ActiveCfg = Debug|Any CPU
		{640BCE3D-7FB2-49C6-A8CE-A1E388FA0B0B}.Debug|iPhone.Build.0 = Debug|Any CPU
		{640BCE3D-7FB2-49C6-A8CE-A1E388FA0B0B}.Debug|iPhone.Deploy.0 = Debug|Any CPU
		{640BCE3D-7FB2-49C6-A8CE-A1E388FA0B0B}.Debug|iPhoneSimulator.ActiveCfg = Debug|Any CPU
		{640BCE3D-7FB2-49C6-A8CE-A1E388FA0B0B}.Debug|iPhoneSimulator.Build.0 = Debug|Any CPU
		{640BCE3D-7FB2-49C6-A8CE-A1E388FA0B0B}.Debug|iPhoneSimulator.Deploy.0 = Debug|Any CPU
		{640BCE3D-7FB2-49C6-A8CE-A1E388FA0B0B}.Release|Any CPU.ActiveCfg = Release|Any CPU
		{640BCE3D-7FB2-49C6-A8CE-A1E388FA0B0B}.Release|Any CPU.Build.0 = Release|Any CPU
		{640BCE3D-7FB2-49C6-A8CE-A1E388FA0B0B}.Release|Any CPU.Deploy.0 = Release|Any CPU
		{640BCE3D-7FB2-49C6-A8CE-A1E388FA0B0B}.Release|iPhone.ActiveCfg = Release|Any CPU
		{640BCE3D-7FB2-49C6-A8CE-A1E388FA0B0B}.Release|iPhone.Build.0 = Release|Any CPU
		{640BCE3D-7FB2-49C6-A8CE-A1E388FA0B0B}.Release|iPhone.Deploy.0 = Release|Any CPU
		{640BCE3D-7FB2-49C6-A8CE-A1E388FA0B0B}.Release|iPhoneSimulator.ActiveCfg = Release|Any CPU
		{640BCE3D-7FB2-49C6-A8CE-A1E388FA0B0B}.Release|iPhoneSimulator.Build.0 = Release|Any CPU
		{640BCE3D-7FB2-49C6-A8CE-A1E388FA0B0B}.Release|iPhoneSimulator.Deploy.0 = Release|Any CPU
		{2F082E92-BB15-46DD-B70E-AC6756586624}.Debug|Any CPU.ActiveCfg = Debug|Any CPU
		{2F082E92-BB15-46DD-B70E-AC6756586624}.Debug|Any CPU.Build.0 = Debug|Any CPU
		{2F082E92-BB15-46DD-B70E-AC6756586624}.Debug|iPhone.ActiveCfg = Debug|Any CPU
		{2F082E92-BB15-46DD-B70E-AC6756586624}.Debug|iPhone.Build.0 = Debug|Any CPU
		{2F082E92-BB15-46DD-B70E-AC6756586624}.Debug|iPhoneSimulator.ActiveCfg = Debug|Any CPU
		{2F082E92-BB15-46DD-B70E-AC6756586624}.Debug|iPhoneSimulator.Build.0 = Debug|Any CPU
		{2F082E92-BB15-46DD-B70E-AC6756586624}.Release|Any CPU.ActiveCfg = Release|Any CPU
		{2F082E92-BB15-46DD-B70E-AC6756586624}.Release|Any CPU.Build.0 = Release|Any CPU
		{2F082E92-BB15-46DD-B70E-AC6756586624}.Release|iPhone.ActiveCfg = Release|Any CPU
		{2F082E92-BB15-46DD-B70E-AC6756586624}.Release|iPhone.Build.0 = Release|Any CPU
		{2F082E92-BB15-46DD-B70E-AC6756586624}.Release|iPhoneSimulator.ActiveCfg = Release|Any CPU
		{2F082E92-BB15-46DD-B70E-AC6756586624}.Release|iPhoneSimulator.Build.0 = Release|Any CPU
	EndGlobalSection
	GlobalSection(SolutionProperties) = preSolution
		HideSolutionNode = FALSE
	EndGlobalSection
	GlobalSection(ExtensibilityGlobals) = postSolution
		SolutionGuid = {2ED83B8B-9E73-4C95-A674-DA5B410F77D5}
	EndGlobalSection
EndGlobal
